
Microsoft Visual Studio Solution File, Format Version 12.00
# Visual Studio Version 17
VisualStudioVersion = 17.2.32630.192
MinimumVisualStudioVersion = 10.0.40219.1
Project("{FAE04EC0-301F-11D3-BF4B-00C04F79EFBC}") = "ACCess", "ACCess.csproj", "{F8C2576F-8C55-445B-8388-506E32BE9A97}"
EndProject
Global
	GlobalSection(SolutionConfigurationPlatforms) = preSolution
		Debug|Any CPU = Debug|Any CPU
		Release|Any CPU = Release|Any CPU
	EndGlobalSection
	GlobalSection(ProjectConfigurationPlatforms) = postSolution
		{F8C2576F-8C55-445B-8388-506E32BE9A97}.Debug|Any CPU.ActiveCfg = Debug|Any CPU
		{F8C2576F-8C55-445B-8388-506E32BE9A97}.Debug|Any CPU.Build.0 = Debug|Any CPU
		{F8C2576F-8C55-445B-8388-506E32BE9A97}.Release|Any CPU.ActiveCfg = Release|Any CPU
		{F8C2576F-8C55-445B-8388-506E32BE9A97}.Release|Any CPU.Build.0 = Release|Any CPU
	EndGlobalSection
	GlobalSection(SolutionProperties) = preSolution
		HideSolutionNode = FALSE
	EndGlobalSection
	GlobalSection(ExtensibilityGlobals) = postSolution
		SolutionGuid = {03F20630-1B3E-4451-87CE-80D5743E5D3D}
	EndGlobalSection
EndGlobal
